
Microsoft Visual Studio Solution File, Format Version 12.00
# Visual Studio Version 16
VisualStudioVersion = 16.0.29613.14
MinimumVisualStudioVersion = 10.0.40219.1
Project("{FAE04EC0-301F-11D3-BF4B-00C04F79EFBC}") = "AppCons_test2", "AppCons_test2\AppCons_test2.csproj", "{D5ED2378-BF5C-4FD6-A071-3FC9436EA407}"
EndProject
Global
	GlobalSection(SolutionConfigurationPlatforms) = preSolution
		Debug|Any CPU = Debug|Any CPU
		Release|Any CPU = Release|Any CPU
	EndGlobalSection
	GlobalSection(ProjectConfigurationPlatforms) = postSolution
		{D5ED2378-BF5C-4FD6-A071-3FC9436EA407}.Debug|Any CPU.ActiveCfg = Debug|Any CPU
		{D5ED2378-BF5C-4FD6-A071-3FC9436EA407}.Debug|Any CPU.Build.0 = Debug|Any CPU
		{D5ED2378-BF5C-4FD6-A071-3FC9436EA407}.Release|Any CPU.ActiveCfg = Release|Any CPU
		{D5ED2378-BF5C-4FD6-A071-3FC9436EA407}.Release|Any CPU.Build.0 = Release|Any CPU
	EndGlobalSection
	GlobalSection(SolutionProperties) = preSolution
		HideSolutionNode = FALSE
	EndGlobalSection
	GlobalSection(ExtensibilityGlobals) = postSolution
		SolutionGuid = {33C7C10F-E3D9-432F-99C5-D7B49752161F}
	EndGlobalSection
EndGlobal
